<?xml version="1.0" encoding="utf-8"?>
<Project ToolsVersion="4.0" xmlns="http://schemas.microsoft.com/developer/msbuild/2003">
  <ItemGroup>
    <Filter Include="Source Files">
      <UniqueIdentifier>{20a5e237-746e-4586-9945-19bf5e4329ef}</UniqueIdentifier>
      <Extensions>cpp;c;cxx;rc;def;r;odl;idl;hpj;bat</Extensions>
    </Filter>
    <Filter Include="Header Files">
      <UniqueIdentifier>{a9076da7-9f23-40ff-8f5a-86af79658a2b}</UniqueIdentifier>
      <Extensions>h;hpp;hxx;hm;inl</Extensions>
    </Filter>
    <Filter Include="Resource Files">
      <UniqueIdentifier>{872e4cd6-e138-417f-97c6-c80ca884cbdb}</UniqueIdentifier>
      <Extensions>ico;cur;bmp;dlg;rc2;rct;bin;cnt;rtf;gif;jpg;jpeg;jpe</Extensions>
    </Filter>
    <Filter Include="Help Files">
      <UniqueIdentifier>{d25fa40d-6163-4faa-bfc6-59dfc32394c2}</UniqueIdentifier>
    </Filter>
  </ItemGroup>
  <ItemGroup>
    <ClCompile Include="..\src\ChildFrm.cpp">
      <Filter>Source Files</Filter>
    </ClCompile>
    <ClCompile Include="..\Src\classview.cpp">
      <Filter>Source Files</Filter>
    </ClCompile>
    <ClCompile Include="..\Src\DockBar.cpp">
      <Filter>Source Files</Filter>
    </ClCompile>
    <ClCompile Include="..\Src\DocProp.cpp">
      <Filter>Source Files</Filter>
    </ClCompile>
    <ClCompile Include="..\Src\FileSelD.cpp">
      <Filter>Source Files</Filter>
    </ClCompile>
    <ClCompile Include="..\SRC\GlobSet.cpp">
      <Filter>Source Files</Filter>
    </ClCompile>
    <ClCompile Include="..\SRC\KeySetup.cpp">
      <Filter>Source Files</Filter>
    </ClCompile>
    <ClCompile Include="..\SRC\Line.cpp">
      <Filter>Source Files</Filter>
    </ClCompile>
    <ClCompile Include="..\SRC\Macro.cpp">
      <Filter>Source Files</Filter>
    </ClCompile>
    <ClCompile Include="..\src\MainFrm.cpp">
      <Filter>Source Files</Filter>
    </ClCompile>
    <ClCompile Include="..\Src\NavigatorDlg.cpp">
      <Filter>Source Files</Filter>
    </ClCompile>
    <ClCompile Include="..\Src\NavigatorFile.cpp">
      <Filter>Source Files</Filter>
    </ClCompile>
    <ClCompile Include="..\Src\NavigatorList.cpp">
      <Filter>Source Files</Filter>
    </ClCompile>
    <ClCompile Include="..\Src\PageDlg.cpp">
      <Filter>Source Files</Filter>
    </ClCompile>
    <ClCompile Include="..\Src\Print.cpp">
      <Filter>Source Files</Filter>
    </ClCompile>
    <ClCompile Include="..\SRC\Project.cpp">
      <Filter>Source Files</Filter>
    </ClCompile>
    <ClCompile Include="..\SRC\Search.cpp">
      <Filter>Source Files</Filter>
    </ClCompile>
    <ClCompile Include="..\src\SimpleDialog.cpp">
      <Filter>Source Files</Filter>
    </ClCompile>
    <ClCompile Include="..\src\StdAfx.cpp">
      <Filter>Source Files</Filter>
    </ClCompile>
    <ClCompile Include="..\Src\TabView.cpp">
      <Filter>Source Files</Filter>
    </ClCompile>
    <ClCompile Include="..\SRC\TagList.cpp">
      <Filter>Source Files</Filter>
    </ClCompile>
    <ClCompile Include="..\Src\Tags.cpp">
      <Filter>Source Files</Filter>
    </ClCompile>
    <ClCompile Include="..\SRC\Tools.cpp">
      <Filter>Source Files</Filter>
    </ClCompile>
    <ClCompile Include="..\SRC\Undo.cpp">
      <Filter>Source Files</Filter>
    </ClCompile>
    <ClCompile Include="..\SRC\ViewList.cpp">
      <Filter>Source Files</Filter>
    </ClCompile>
    <ClCompile Include="..\src\Wain.cpp">
      <Filter>Source Files</Filter>
    </ClCompile>
    <ClCompile Include="..\src\WainDoc.cpp">
      <Filter>Source Files</Filter>
    </ClCompile>
    <ClCompile Include="..\SRC\WainEdit.cpp">
      <Filter>Source Files</Filter>
    </ClCompile>
    <ClCompile Include="..\Src\WainFTP.cpp">
      <Filter>Source Files</Filter>
    </ClCompile>
    <ClCompile Include="..\SRC\WainFunc.cpp">
      <Filter>Source Files</Filter>
    </ClCompile>
    <ClCompile Include="..\Src\WainMark.cpp">
      <Filter>Source Files</Filter>
    </ClCompile>
    <ClCompile Include="..\src\WainView.cpp">
      <Filter>Source Files</Filter>
    </ClCompile>
    <ClCompile Include="..\src\ProjectSetup.cpp">
      <Filter>Source Files</Filter>
    </ClCompile>
    <ClCompile Include="..\src\ProjectOptions.cpp">
      <Filter>Source Files</Filter>
    </ClCompile>
    <ClCompile Include="..\src\ToolDialog.cpp">
      <Filter>Source Files</Filter>
    </ClCompile>
    <ClCompile Include="..\src\WordListDialog.cpp">
      <Filter>Source Files</Filter>
    </ClCompile>
    <ClCompile Include="..\src\WordListThread.cpp">
      <Filter>Source Files</Filter>
    </ClCompile>
    <ClCompile Include="..\src\WainUtil.cpp">
      <Filter>Source Files</Filter>
    </ClCompile>
    <ClCompile Include="..\src\NavigatorProjTree.cpp">
      <Filter>Source Files</Filter>
    </ClCompile>
    <ClCompile Include="..\src\ClassList.cpp">
      <Filter>Source Files</Filter>
    </ClCompile>
  </ItemGroup>
  <ItemGroup>
    <ClInclude Include="..\Src\FileSelD.h">
      <Filter>Source Files</Filter>
    </ClInclude>
    <ClInclude Include="..\src\ChildFrm.h">
      <Filter>Header Files</Filter>
    </ClInclude>
    <ClInclude Include="..\src\ClassView.h">
      <Filter>Header Files</Filter>
    </ClInclude>
    <ClInclude Include="..\src\DialogBase.h">
      <Filter>Header Files</Filter>
    </ClInclude>
    <ClInclude Include="..\src\DockBar.h">
      <Filter>Header Files</Filter>
    </ClInclude>
    <ClInclude Include="..\src\DocProp.h">
      <Filter>Header Files</Filter>
    </ClInclude>
    <ClInclude Include="..\src\GlobSet.h">
      <Filter>Header Files</Filter>
    </ClInclude>
    <ClInclude Include="..\SRC\KeySetup.h">
      <Filter>Header Files</Filter>
    </ClInclude>
    <ClInclude Include="..\src\MainFrm.h">
      <Filter>Header Files</Filter>
    </ClInclude>
    <ClInclude Include="..\Src\NavigatorDlg.h">
      <Filter>Header Files</Filter>
    </ClInclude>
    <ClInclude Include="..\Src\NavigatorList.h">
      <Filter>Header Files</Filter>
    </ClInclude>
    <ClInclude Include="..\src\PageDlg.h">
      <Filter>Header Files</Filter>
    </ClInclude>
    <ClInclude Include="..\SRC\Project.h">
      <Filter>Header Files</Filter>
    </ClInclude>
    <ClInclude Include="..\src\RegExp.h">
      <Filter>Header Files</Filter>
    </ClInclude>
    <ClInclude Include="..\src\Resource.h">
      <Filter>Header Files</Filter>
    </ClInclude>
    <ClInclude Include="..\src\SimpleDialog.h">
      <Filter>Header Files</Filter>
    </ClInclude>
    <ClInclude Include="..\src\StdAfx.h">
      <Filter>Header Files</Filter>
    </ClInclude>
    <ClInclude Include="..\src\TabView.h">
      <Filter>Header Files</Filter>
    </ClInclude>
    <ClInclude Include="..\src\TagList.h">
      <Filter>Header Files</Filter>
    </ClInclude>
    <ClInclude Include="..\src\Tags.h">
      <Filter>Header Files</Filter>
    </ClInclude>
    <ClInclude Include="..\src\Tools.h">
      <Filter>Header Files</Filter>
    </ClInclude>
    <ClInclude Include="..\src\Wain.h">
      <Filter>Header Files</Filter>
    </ClInclude>
    <ClInclude Include="..\src\WainDoc.h">
      <Filter>Header Files</Filter>
    </ClInclude>
    <ClInclude Include="..\src\WainSearch.h">
      <Filter>Header Files</Filter>
    </ClInclude>
    <ClInclude Include="..\src\WainView.h">
      <Filter>Header Files</Filter>
    </ClInclude>
    <ClInclude Include="..\src\Config.h">
      <Filter>Source Files</Filter>
    </ClInclude>
    <ClInclude Include="..\src\WainCfg.h">
      <Filter>Header Files</Filter>
    </ClInclude>
    <ClInclude Include="..\src\ProjectSetup.h">
      <Filter>Header Files</Filter>
    </ClInclude>
    <ClInclude Include="..\src\NavigatorProjTree.h">
      <Filter>Source Files</Filter>
    </ClInclude>
  </ItemGroup>
  <ItemGroup>
    <ResourceCompile Include="..\src\Wain.rc">
      <Filter>Source Files</Filter>
    </ResourceCompile>
  </ItemGroup>
  <ItemGroup>
    <Image Include="..\res\smallico.bmp">
      <Filter>Resource Files</Filter>
    </Image>
    <Image Include="..\res\Toolbar.bmp">
      <Filter>Resource Files</Filter>
    </Image>
    <Image Include="..\res\Wain.ico">
      <Filter>Resource Files</Filter>
    </Image>
    <Image Include="..\res\WainDoc.ico">
      <Filter>Resource Files</Filter>
    </Image>
    <Image Include="..\hlp\AppExit.bmp">
      <Filter>Help Files</Filter>
    </Image>
    <Image Include="..\hlp\Bullet.bmp">
      <Filter>Help Files</Filter>
    </Image>
    <Image Include="..\hlp\CurArw2.bmp">
      <Filter>Help Files</Filter>
    </Image>
    <Image Include="..\hlp\CurArw4.bmp">
      <Filter>Help Files</Filter>
    </Image>
    <Image Include="..\hlp\CurHelp.bmp">
      <Filter>Help Files</Filter>
    </Image>
    <Image Include="..\hlp\EditCopy.bmp">
      <Filter>Help Files</Filter>
    </Image>
    <Image Include="..\hlp\EditCut.bmp">
      <Filter>Help Files</Filter>
    </Image>
    <Image Include="..\hlp\EditPast.bmp">
      <Filter>Help Files</Filter>
    </Image>
    <Image Include="..\hlp\EditUndo.bmp">
      <Filter>Help Files</Filter>
    </Image>
    <Image Include="..\hlp\FileNew.bmp">
      <Filter>Help Files</Filter>
    </Image>
    <Image Include="..\hlp\FileOpen.bmp">
      <Filter>Help Files</Filter>
    </Image>
    <Image Include="..\hlp\FilePrnt.bmp">
      <Filter>Help Files</Filter>
    </Image>
    <Image Include="..\hlp\FileSave.bmp">
      <Filter>Help Files</Filter>
    </Image>
    <Image Include="..\hlp\HlpSBar.bmp">
      <Filter>Help Files</Filter>
    </Image>
    <Image Include="..\hlp\HlpTBar.bmp">
      <Filter>Help Files</Filter>
    </Image>
    <Image Include="..\hlp\RecFirst.bmp">
      <Filter>Help Files</Filter>
    </Image>
    <Image Include="..\hlp\RecLast.bmp">
      <Filter>Help Files</Filter>
    </Image>
    <Image Include="..\hlp\RecNext.bmp">
      <Filter>Help Files</Filter>
    </Image>
    <Image Include="..\hlp\RecPrev.bmp">
      <Filter>Help Files</Filter>
    </Image>
    <Image Include="..\hlp\Scmax.bmp">
      <Filter>Help Files</Filter>
    </Image>
    <Image Include="..\hlp\ScMenu.bmp">
      <Filter>Help Files</Filter>
    </Image>
    <Image Include="..\hlp\Scmin.bmp">
      <Filter>Help Files</Filter>
    </Image>
  </ItemGroup>
  <ItemGroup>
    <Text Include="..\ReadMe.txt" />
  </ItemGroup>
  <ItemGroup>
    <CustomBuild Include="..\res\Wain.rc2">
      <Filter>Resource Files</Filter>
    </CustomBuild>
    <CustomBuild Include="..\hlp\AfxCore.rtf">
      <Filter>Help Files</Filter>
    </CustomBuild>
    <CustomBuild Include="..\hlp\AfxPrint.rtf">
      <Filter>Help Files</Filter>
    </CustomBuild>
    <CustomBuild Include="MakeHelp.bat">
      <Filter>Help Files</Filter>
    </CustomBuild>
    <CustomBuild Include="..\hlp\Wain.cnt">
      <Filter>Help Files</Filter>
    </CustomBuild>
  </ItemGroup>
</Project>